// !$*UTF8*$!
{
	archiveVersion = 1;
	classes = {
	};
	objectVersion = 50;
	objects = {

/* Begin PBXBuildFile section */
		2FB342EB271E96B400FB4ECC /* SwiftUIDemoApp.swift in Sources */ = {isa = PBXBuildFile; fileRef = 2FB342EA271E96B400FB4ECC /* SwiftUIDemoApp.swift */; };
		2FB342ED271E96B400FB4ECC /* ContentView.swift in Sources */ = {isa = PBXBuildFile; fileRef = 2FB342EC271E96B400FB4ECC /* ContentView.swift */; };
		2FB342EF271E96B600FB4ECC /* Assets.xcassets in Resources */ = {isa = PBXBuildFile; fileRef = 2FB342EE271E96B600FB4ECC /* Assets.xcassets */; };
		2FB342F2271E96B600FB4ECC /* Preview Assets.xcassets in Resources */ = {isa = PBXBuildFile; fileRef = 2FB342F1271E96B600FB4ECC /* Preview Assets.xcassets */; };
		2FB3430A271E9F2A00FB4ECC /* turtlerock.jpg in Resources */ = {isa = PBXBuildFile; fileRef = 2FB342FD271E9F2A00FB4ECC /* turtlerock.jpg */; };
		2FB3430B271E9F2A00FB4ECC /* silversalmoncreek.jpg in Resources */ = {isa = PBXBuildFile; fileRef = 2FB342FE271E9F2A00FB4ECC /* silversalmoncreek.jpg */; };
		2FB3430C271E9F2A00FB4ECC /* icybay.jpg in Resources */ = {isa = PBXBuildFile; fileRef = 2FB342FF271E9F2A00FB4ECC /* icybay.jpg */; };
		2FB3430D271E9F2A00FB4ECC /* lakemcdonald.jpg in Resources */ = {isa = PBXBuildFile; fileRef = 2FB34300271E9F2A00FB4ECC /* lakemcdonald.jpg */; };
		2FB3430E271E9F2A00FB4ECC /* hiddenlake.jpg in Resources */ = {isa = PBXBuildFile; fileRef = 2FB34301271E9F2A00FB4ECC /* hiddenlake.jpg */; };
		2FB3430F271E9F2A00FB4ECC /* twinlake.jpg in Resources */ = {isa = PBXBuildFile; fileRef = 2FB34302271E9F2A00FB4ECC /* twinlake.jpg */; };
		2FB34310271E9F2A00FB4ECC /* umbagog.jpg in Resources */ = {isa = PBXBuildFile; fileRef = 2FB34303271E9F2A00FB4ECC /* umbagog.jpg */; };
		2FB34311271E9F2A00FB4ECC /* landmarkData.json in Resources */ = {isa = PBXBuildFile; fileRef = 2FB34304271E9F2A00FB4ECC /* landmarkData.json */; };
		2FB34312271E9F2A00FB4ECC /* chincoteague.jpg in Resources */ = {isa = PBXBuildFile; fileRef = 2FB34305271E9F2A00FB4ECC /* chincoteague.jpg */; };
		2FB34313271E9F2A00FB4ECC /* yukon_charleyrivers.jpg in Resources */ = {isa = PBXBuildFile; fileRef = 2FB34306271E9F2A00FB4ECC /* yukon_charleyrivers.jpg */; };
		2FB34314271E9F2A00FB4ECC /* stmarylake.jpg in Resources */ = {isa = PBXBuildFile; fileRef = 2FB34307271E9F2A00FB4ECC /* stmarylake.jpg */; };
		2FB34315271E9F2A00FB4ECC /* chilkoottrail.jpg in Resources */ = {isa = PBXBuildFile; fileRef = 2FB34308271E9F2A00FB4ECC /* chilkoottrail.jpg */; };
		2FB34316271E9F2A00FB4ECC /* rainbowlake.jpg in Resources */ = {isa = PBXBuildFile; fileRef = 2FB34309271E9F2A00FB4ECC /* rainbowlake.jpg */; };
		2FB34319271E9FE800FB4ECC /* Landmark.swift in Sources */ = {isa = PBXBuildFile; fileRef = 2FB34318271E9FE800FB4ECC /* Landmark.swift */; };
		2FB3431C271EA18F00FB4ECC /* Data.swift in Sources */ = {isa = PBXBuildFile; fileRef = 2FB3431B271EA18F00FB4ECC /* Data.swift */; };
		2FB3431F271EA34C00FB4ECC /* LandmarkRow.swift in Sources */ = {isa = PBXBuildFile; fileRef = 2FB3431E271EA34C00FB4ECC /* LandmarkRow.swift */; };
		2FB34323271EA6A900FB4ECC /* LandmarkList.swift in Sources */ = {isa = PBXBuildFile; fileRef = 2FB34322271EA6A900FB4ECC /* LandmarkList.swift */; };
		2FB34327271EA81900FB4ECC /* CircleImage.swift in Sources */ = {isa = PBXBuildFile; fileRef = 2FB34326271EA81900FB4ECC /* CircleImage.swift */; };
		2FB3432B271EA8E900FB4ECC /* MapView.swift in Sources */ = {isa = PBXBuildFile; fileRef = 2FB3432A271EA8E900FB4ECC /* MapView.swift */; };
		2FB3432E271EAAB100FB4ECC /* LandmarkDetail.swift in Sources */ = {isa = PBXBuildFile; fileRef = 2FB3432D271EAAB100FB4ECC /* LandmarkDetail.swift */; };
/* End PBXBuildFile section */

/* Begin PBXFileReference section */
		2FB342E7271E96B400FB4ECC /* SwiftUIDemo.app */ = {isa = PBXFileReference; explicitFileType = wrapper.application; includeInIndex = 0; path = SwiftUIDemo.app; sourceTree = BUILT_PRODUCTS_DIR; };
		2FB342EA271E96B400FB4ECC /* SwiftUIDemoApp.swift */ = {isa = PBXFileReference; lastKnownFileType = sourcecode.swift; path = SwiftUIDemoApp.swift; sourceTree = "<group>"; };
		2FB342EC271E96B400FB4ECC /* ContentView.swift */ = {isa = PBXFileReference; lastKnownFileType = sourcecode.swift; path = ContentView.swift; sourceTree = "<group>"; };
		2FB342EE271E96B600FB4ECC /* Assets.xcassets */ = {isa = PBXFileReference; lastKnownFileType = folder.assetcatalog; path = Assets.xcassets; sourceTree = "<group>"; };
		2FB342F1271E96B600FB4ECC /* Preview Assets.xcassets */ = {isa = PBXFileReference; lastKnownFileType = folder.assetcatalog; path = "Preview Assets.xcassets"; sourceTree = "<group>"; };
		2FB342F3271E96B600FB4ECC /* Info.plist */ = {isa = PBXFileReference; lastKnownFileType = text.plist.xml; path = Info.plist; sourceTree = "<group>"; };
		2FB342FD271E9F2A00FB4ECC /* turtlerock.jpg */ = {isa = PBXFileReference; lastKnownFileType = image.jpeg; path = turtlerock.jpg; sourceTree = "<group>"; };
		2FB342FE271E9F2A00FB4ECC /* silversalmoncreek.jpg */ = {isa = PBXFileReference; lastKnownFileType = image.jpeg; path = silversalmoncreek.jpg; sourceTree = "<group>"; };
		2FB342FF271E9F2A00FB4ECC /* icybay.jpg */ = {isa = PBXFileReference; lastKnownFileType = image.jpeg; path = icybay.jpg; sourceTree = "<group>"; };
		2FB34300271E9F2A00FB4ECC /* lakemcdonald.jpg */ = {isa = PBXFileReference; lastKnownFileType = image.jpeg; path = lakemcdonald.jpg; sourceTree = "<group>"; };
		2FB34301271E9F2A00FB4ECC /* hiddenlake.jpg */ = {isa = PBXFileReference; lastKnownFileType = image.jpeg; path = hiddenlake.jpg; sourceTree = "<group>"; };
		2FB34302271E9F2A00FB4ECC /* twinlake.jpg */ = {isa = PBXFileReference; lastKnownFileType = image.jpeg; path = twinlake.jpg; sourceTree = "<group>"; };
		2FB34303271E9F2A00FB4ECC /* umbagog.jpg */ = {isa = PBXFileReference; lastKnownFileType = image.jpeg; path = umbagog.jpg; sourceTree = "<group>"; };
		2FB34304271E9F2A00FB4ECC /* landmarkData.json */ = {isa = PBXFileReference; fileEncoding = 4; lastKnownFileType = text.json; path = landmarkData.json; sourceTree = "<group>"; };
		2FB34305271E9F2A00FB4ECC /* chincoteague.jpg */ = {isa = PBXFileReference; lastKnownFileType = image.jpeg; path = chincoteague.jpg; sourceTree = "<group>"; };
		2FB34306271E9F2A00FB4ECC /* yukon_charleyrivers.jpg */ = {isa = PBXFileReference; lastKnownFileType = image.jpeg; path = yukon_charleyrivers.jpg; sourceTree = "<group>"; };
		2FB34307271E9F2A00FB4ECC /* stmarylake.jpg */ = {isa = PBXFileReference; lastKnownFileType = image.jpeg; path = stmarylake.jpg; sourceTree = "<group>"; };
		2FB34308271E9F2A00FB4ECC /* chilkoottrail.jpg */ = {isa = PBXFileReference; lastKnownFileType = image.jpeg; path = chilkoottrail.jpg; sourceTree = "<group>"; };
		2FB34309271E9F2A00FB4ECC /* rainbowlake.jpg */ = {isa = PBXFileReference; lastKnownFileType = image.jpeg; path = rainbowlake.jpg; sourceTree = "<group>"; };
		2FB34318271E9FE800FB4ECC /* Landmark.swift */ = {isa = PBXFileReference; lastKnownFileType = sourcecode.swift; path = Landmark.swift; sourceTree = "<group>"; };
		2FB3431B271EA18F00FB4ECC /* Data.swift */ = {isa = PBXFileReference; lastKnownFileType = sourcecode.swift; path = Data.swift; sourceTree = "<group>"; };
		2FB3431E271EA34C00FB4ECC /* LandmarkRow.swift */ = {isa = PBXFileReference; lastKnownFileType = sourcecode.swift; path = LandmarkRow.swift; sourceTree = "<group>"; };
		2FB34322271EA6A900FB4ECC /* LandmarkList.swift */ = {isa = PBXFileReference; lastKnownFileType = sourcecode.swift; path = LandmarkList.swift; sourceTree = "<group>"; };
		2FB34326271EA81900FB4ECC /* CircleImage.swift */ = {isa = PBXFileReference; lastKnownFileType = sourcecode.swift; path = CircleImage.swift; sourceTree = "<group>"; };
		2FB3432A271EA8E900FB4ECC /* MapView.swift */ = {isa = PBXFileReference; lastKnownFileType = sourcecode.swift; path = MapView.swift; sourceTree = "<group>"; };
		2FB3432D271EAAB100FB4ECC /* LandmarkDetail.swift */ = {isa = PBXFileReference; lastKnownFileType = sourcecode.swift; path = LandmarkDetail.swift; sourceTree = "<group>"; };
/* End PBXFileReference section */

/* Begin PBXFrameworksBuildPhase section */
		2FB342E4271E96B400FB4ECC /* Frameworks */ = {
			isa = PBXFrameworksBuildPhase;
			buildActionMask = 2147483647;
			files = (
			);
			runOnlyForDeploymentPostprocessing = 0;
		};
/* End PBXFrameworksBuildPhase section */

/* Begin PBXGroup section */
		2FB342DE271E96B400FB4ECC = {
			isa = PBXGroup;
			children = (
				2FB342E9271E96B400FB4ECC /* SwiftUIDemo */,
				2FB342E8271E96B400FB4ECC /* Products */,
			);
			sourceTree = "<group>";
		};
		2FB342E8271E96B400FB4ECC /* Products */ = {
			isa = PBXGroup;
			children = (
				2FB342E7271E96B400FB4ECC /* SwiftUIDemo.app */,
			);
			name = Products;
			sourceTree = "<group>";
		};
		2FB342E9271E96B400FB4ECC /* SwiftUIDemo */ = {
			isa = PBXGroup;
			children = (
				2FB34325271EA7F000FB4ECC /* Supporting Views */,
				2FB342FB271E9ED400FB4ECC /* Models */,
				2FB342EA271E96B400FB4ECC /* SwiftUIDemoApp.swift */,
				2FB342EC271E96B400FB4ECC /* ContentView.swift */,
				2FB342FC271E9F2A00FB4ECC /* Resources */,
				2FB342EE271E96B600FB4ECC /* Assets.xcassets */,
				2FB342F3271E96B600FB4ECC /* Info.plist */,
				2FB342F0271E96B600FB4ECC /* Preview Content */,
				2FB3431E271EA34C00FB4ECC /* LandmarkRow.swift */,
				2FB34322271EA6A900FB4ECC /* LandmarkList.swift */,
				2FB3432D271EAAB100FB4ECC /* LandmarkDetail.swift */,
			);
			path = SwiftUIDemo;
			sourceTree = "<group>";
		};
		2FB342F0271E96B600FB4ECC /* Preview Content */ = {
			isa = PBXGroup;
			children = (
				2FB342F1271E96B600FB4ECC /* Preview Assets.xcassets */,
			);
			path = "Preview Content";
			sourceTree = "<group>";
		};
		2FB342FB271E9ED400FB4ECC /* Models */ = {
			isa = PBXGroup;
			children = (
				2FB34318271E9FE800FB4ECC /* Landmark.swift */,
				2FB3431B271EA18F00FB4ECC /* Data.swift */,
			);
			path = Models;
			sourceTree = "<group>";
		};
		2FB342FC271E9F2A00FB4ECC /* Resources */ = {
			isa = PBXGroup;
			children = (
				2FB34308271E9F2A00FB4ECC /* chilkoottrail.jpg */,
				2FB34305271E9F2A00FB4ECC /* chincoteague.jpg */,
				2FB34301271E9F2A00FB4ECC /* hiddenlake.jpg */,
				2FB342FF271E9F2A00FB4ECC /* icybay.jpg */,
				2FB34300271E9F2A00FB4ECC /* lakemcdonald.jpg */,
				2FB34304271E9F2A00FB4ECC /* landmarkData.json */,
				2FB34309271E9F2A00FB4ECC /* rainbowlake.jpg */,
				2FB342FE271E9F2A00FB4ECC /* silversalmoncreek.jpg */,
				2FB34307271E9F2A00FB4ECC /* stmarylake.jpg */,
				2FB342FD271E9F2A00FB4ECC /* turtlerock.jpg */,
				2FB34302271E9F2A00FB4ECC /* twinlake.jpg */,
				2FB34303271E9F2A00FB4ECC /* umbagog.jpg */,
				2FB34306271E9F2A00FB4ECC /* yukon_charleyrivers.jpg */,
			);
			path = Resources;
			sourceTree = "<group>";
		};
		2FB34325271EA7F000FB4ECC /* Supporting Views */ = {
			isa = PBXGroup;
			children = (
				2FB34326271EA81900FB4ECC /* CircleImage.swift */,
				2FB3432A271EA8E900FB4ECC /* MapView.swift */,
			);
			path = "Supporting Views";
			sourceTree = "<group>";
		};
/* End PBXGroup section */

/* Begin PBXNativeTarget section */
		2FB342E6271E96B400FB4ECC /* SwiftUIDemo */ = {
			isa = PBXNativeTarget;
			buildConfigurationList = 2FB342F6271E96B600FB4ECC /* Build configuration list for PBXNativeTarget "SwiftUIDemo" */;
			buildPhases = (
				2FB342E3271E96B400FB4ECC /* Sources */,
				2FB342E4271E96B400FB4ECC /* Frameworks */,
				2FB342E5271E96B400FB4ECC /* Resources */,
			);
			buildRules = (
			);
			dependencies = (
			);
			name = SwiftUIDemo;
			productName = SwiftUIDemo;
			productReference = 2FB342E7271E96B400FB4ECC /* SwiftUIDemo.app */;
			productType = "com.apple.product-type.application";
		};
/* End PBXNativeTarget section */

/* Begin PBXProject section */
		2FB342DF271E96B400FB4ECC /* Project object */ = {
			isa = PBXProject;
			attributes = {
				LastSwiftUpdateCheck = 1210;
				LastUpgradeCheck = 1210;
				TargetAttributes = {
					2FB342E6271E96B400FB4ECC = {
						CreatedOnToolsVersion = 12.1;
					};
				};
			};
			buildConfigurationList = 2FB342E2271E96B400FB4ECC /* Build configuration list for PBXProject "SwiftUIDemo" */;
			compatibilityVersion = "Xcode 9.3";
			developmentRegion = en;
			hasScannedForEncodings = 0;
			knownRegions = (
				en,
				Base,
			);
			mainGroup = 2FB342DE271E96B400FB4ECC;
			productRefGroup = 2FB342E8271E96B400FB4ECC /* Products */;
			projectDirPath = "";
			projectRoot = "";
			targets = (
				2FB342E6271E96B400FB4ECC /* SwiftUIDemo */,
			);
		};
/* End PBXProject section */

/* Begin PBXResourcesBuildPhase section */
		2FB342E5271E96B400FB4ECC /* Resources */ = {
			isa = PBXResourcesBuildPhase;
			buildActionMask = 2147483647;
			files = (
				2FB3430D271E9F2A00FB4ECC /* lakemcdonald.jpg in Resources */,
				2FB34316271E9F2A00FB4ECC /* rainbowlake.jpg in Resources */,
				2FB342F2271E96B600FB4ECC /* Preview Assets.xcassets in Resources */,
				2FB3430F271E9F2A00FB4ECC /* twinlake.jpg in Resources */,
				2FB34314271E9F2A00FB4ECC /* stmarylake.jpg in Resources */,
				2FB34311271E9F2A00FB4ECC /* landmarkData.json in Resources */,
				2FB3430B271E9F2A00FB4ECC /* silversalmoncreek.jpg in Resources */,
				2FB342EF271E96B600FB4ECC /* Assets.xcassets in Resources */,
				2FB3430C271E9F2A00FB4ECC /* icybay.jpg in Resources */,
				2FB34312271E9F2A00FB4ECC /* chincoteague.jpg in Resources */,
				2FB34315271E9F2A00FB4ECC /* chilkoottrail.jpg in Resources */,
				2FB34310271E9F2A00FB4ECC /* umbagog.jpg in Resources */,
				2FB3430A271E9F2A00FB4ECC /* turtlerock.jpg in Resources */,
				2FB34313271E9F2A00FB4ECC /* yukon_charleyrivers.jpg in Resources */,
				2FB3430E271E9F2A00FB4ECC /* hiddenlake.jpg in Resources */,
			);
			runOnlyForDeploymentPostprocessing = 0;
		};
/* End PBXResourcesBuildPhase section */

/* Begin PBXSourcesBuildPhase section */
		2FB342E3271E96B400FB4ECC /* Sources */ = {
			isa = PBXSourcesBuildPhase;
			buildActionMask = 2147483647;
			files = (
				2FB342ED271E96B400FB4ECC /* ContentView.swift in Sources */,
				2FB3432B271EA8E900FB4ECC /* MapView.swift in Sources */,
				2FB34323271EA6A900FB4ECC /* LandmarkList.swift in Sources */,
				2FB342EB271E96B400FB4ECC /* SwiftUIDemoApp.swift in Sources */,
				2FB3432E271EAAB100FB4ECC /* LandmarkDetail.swift in Sources */,
				2FB34327271EA81900FB4ECC /* CircleImage.swift in Sources */,
				2FB34319271E9FE800FB4ECC /* Landmark.swift in Sources */,
				2FB3431F271EA34C00FB4ECC /* LandmarkRow.swift in Sources */,
				2FB3431C271EA18F00FB4ECC /* Data.swift in Sources */,
			);
			runOnlyForDeploymentPostprocessing = 0;
		};
/* End PBXSourcesBuildPhase section */

/* Begin XCBuildConfiguration section */
		2FB342F4271E96B600FB4ECC /* Debug */ = {
			isa = XCBuildConfiguration;
			buildSettings = {
				ALWAYS_SEARCH_USER_PATHS = NO;
				CLANG_ANALYZER_NONNULL = YES;
				CLANG_ANALYZER_NUMBER_OBJECT_CONVERSION = YES_AGGRESSIVE;
				CLANG_CXX_LANGUAGE_STANDARD = "gnu++14";
				CLANG_CXX_LIBRARY = "libc++";
				CLANG_ENABLE_MODULES = YES;
				CLANG_ENABLE_OBJC_ARC = YES;
				CLANG_ENABLE_OBJC_WEAK = YES;
				CLANG_WARN_BLOCK_CAPTURE_AUTORELEASING = YES;
				CLANG_WARN_BOOL_CONVERSION = YES;
				CLANG_WARN_COMMA = YES;
				CLANG_WARN_CONSTANT_CONVERSION = YES;
				CLANG_WARN_DEPRECATED_OBJC_IMPLEMENTATIONS = YES;
				CLANG_WARN_DIRECT_OBJC_ISA_USAGE = YES_ERROR;
				CLANG_WARN_DOCUMENTATION_COMMENTS = YES;
				CLANG_WARN_EMPTY_BODY = YES;
				CLANG_WARN_ENUM_CONVERSION = YES;
				CLANG_WARN_INFINITE_RECURSION = YES;
				CLANG_WARN_INT_CONVERSION = YES;
				CLANG_WARN_NON_LITERAL_NULL_CONVERSION = YES;
				CLANG_WARN_OBJC_IMPLICIT_RETAIN_SELF = YES;
				CLANG_WARN_OBJC_LITERAL_CONVERSION = YES;
				CLANG_WARN_OBJC_ROOT_CLASS = YES_ERROR;
				CLANG_WARN_QUOTED_INCLUDE_IN_FRAMEWORK_HEADER = YES;
				CLANG_WARN_RANGE_LOOP_ANALYSIS = YES;
				CLANG_WARN_STRICT_PROTOTYPES = YES;
				CLANG_WARN_SUSPICIOUS_MOVE = YES;
				CLANG_WARN_UNGUARDED_AVAILABILITY = YES_AGGRESSIVE;
				CLANG_WARN_UNREACHABLE_CODE = YES;
				CLANG_WARN__DUPLICATE_METHOD_MATCH = YES;
				COPY_PHASE_STRIP = NO;
				DEBUG_INFORMATION_FORMAT = dwarf;
				ENABLE_STRICT_OBJC_MSGSEND = YES;
				ENABLE_TESTABILITY = YES;
				GCC_C_LANGUAGE_STANDARD = gnu11;
				GCC_DYNAMIC_NO_PIC = NO;
				GCC_NO_COMMON_BLOCKS = YES;
				GCC_OPTIMIZATION_LEVEL = 0;
				GCC_PREPROCESSOR_DEFINITIONS = (
					"DEBUG=1",
					"$(inherited)",
				);
				GCC_WARN_64_TO_32_BIT_CONVERSION = YES;
				GCC_WARN_ABOUT_RETURN_TYPE = YES_ERROR;
				GCC_WARN_UNDECLARED_SELECTOR = YES;
				GCC_WARN_UNINITIALIZED_AUTOS = YES_AGGRESSIVE;
				GCC_WARN_UNUSED_FUNCTION = YES;
				GCC_WARN_UNUSED_VARIABLE = YES;
				IPHONEOS_DEPLOYMENT_TARGET = 14.1;
				MTL_ENABLE_DEBUG_INFO = INCLUDE_SOURCE;
				MTL_FAST_MATH = YES;
				ONLY_ACTIVE_ARCH = YES;
				SDKROOT = iphoneos;
				SWIFT_ACTIVE_COMPILATION_CONDITIONS = DEBUG;
				SWIFT_OPTIMIZATION_LEVEL = "-Onone";
			};
			name = Debug;
		};
		2FB342F5271E96B600FB4ECC /* Release */ = {
			isa = XCBuildConfiguration;
			buildSettings = {
				ALWAYS_SEARCH_USER_PATHS = NO;
				CLANG_ANALYZER_NONNULL = YES;
				CLANG_ANALYZER_NUMBER_OBJECT_CONVERSION = YES_AGGRESSIVE;
				CLANG_CXX_LANGUAGE_STANDARD = "gnu++14";
				CLANG_CXX_LIBRARY = "libc++";
				CLANG_ENABLE_MODULES = YES;
				CLANG_ENABLE_OBJC_ARC = YES;
				CLANG_ENABLE_OBJC_WEAK = YES;
				CLANG_WARN_BLOCK_CAPTURE_AUTORELEASING = YES;
				CLANG_WARN_BOOL_CONVERSION = YES;
				CLANG_WARN_COMMA = YES;
				CLANG_WARN_CONSTANT_CONVERSION = YES;
				CLANG_WARN_DEPRECATED_OBJC_IMPLEMENTATIONS = YES;
				CLANG_WARN_DIRECT_OBJC_ISA_USAGE = YES_ERROR;
				CLANG_WARN_DOCUMENTATION_COMMENTS = YES;
				CLANG_WARN_EMPTY_BODY = YES;
				CLANG_WARN_ENUM_CONVERSION = YES;
				CLANG_WARN_INFINITE_RECURSION = YES;
				CLANG_WARN_INT_CONVERSION = YES;
				CLANG_WARN_NON_LITERAL_NULL_CONVERSION = YES;
				CLANG_WARN_OBJC_IMPLICIT_RETAIN_SELF = YES;
				CLANG_WARN_OBJC_LITERAL_CONVERSION = YES;
				CLANG_WARN_OBJC_ROOT_CLASS = YES_ERROR;
				CLANG_WARN_QUOTED_INCLUDE_IN_FRAMEWORK_HEADER = YES;
				CLANG_WARN_RANGE_LOOP_ANALYSIS = YES;
				CLANG_WARN_STRICT_PROTOTYPES = YES;
				CLANG_WARN_SUSPICIOUS_MOVE = YES;
				CLANG_WARN_UNGUARDED_AVAILABILITY = YES_AGGRESSIVE;
				CLANG_WARN_UNREACHABLE_CODE = YES;
				CLANG_WARN__DUPLICATE_METHOD_MATCH = YES;
				COPY_PHASE_STRIP = NO;
				DEBUG_INFORMATION_FORMAT = "dwarf-with-dsym";
				ENABLE_NS_ASSERTIONS = NO;
				ENABLE_STRICT_OBJC_MSGSEND = YES;
				GCC_C_LANGUAGE_STANDARD = gnu11;
				GCC_NO_COMMON_BLOCKS = YES;
				GCC_WARN_64_TO_32_BIT_CONVERSION = YES;
				GCC_WARN_ABOUT_RETURN_TYPE = YES_ERROR;
				GCC_WARN_UNDECLARED_SELECTOR = YES;
				GCC_WARN_UNINITIALIZED_AUTOS = YES_AGGRESSIVE;
				GCC_WARN_UNUSED_FUNCTION = YES;
				GCC_WARN_UNUSED_VARIABLE = YES;
				IPHONEOS_DEPLOYMENT_TARGET = 14.1;
				MTL_ENABLE_DEBUG_INFO = NO;
				MTL_FAST_MATH = YES;
				SDKROOT = iphoneos;
				SWIFT_COMPILATION_MODE = wholemodule;
				SWIFT_OPTIMIZATION_LEVEL = "-O";
				VALIDATE_PRODUCT = YES;
			};
			name = Release;
		};
		2FB342F7271E96B600FB4ECC /* Debug */ = {
			isa = XCBuildConfiguration;
			buildSettings = {
				ASSETCATALOG_COMPILER_APPICON_NAME = AppIcon;
				ASSETCATALOG_COMPILER_GLOBAL_ACCENT_COLOR_NAME = AccentColor;
				CODE_SIGN_STYLE = Automatic;
				DEVELOPMENT_ASSET_PATHS = "\"SwiftUIDemo/Preview Content\"";
				ENABLE_PREVIEWS = YES;
				INFOPLIST_FILE = SwiftUIDemo/Info.plist;
				IPHONEOS_DEPLOYMENT_TARGET = 14.0;
				LD_RUNPATH_SEARCH_PATHS = (
					"$(inherited)",
					"@executable_path/Frameworks",
				);
				PRODUCT_BUNDLE_IDENTIFIER = ptlCoder.SwiftUIDemo;
				PRODUCT_NAME = "$(TARGET_NAME)";
				SWIFT_VERSION = 5.0;
				TARGETED_DEVICE_FAMILY = "1,2";
			};
			name = Debug;
		};
		2FB342F8271E96B600FB4ECC /* Release */ = {
			isa = XCBuildConfiguration;
			buildSettings = {
				ASSETCATALOG_COMPILER_APPICON_NAME = AppIcon;
				ASSETCATALOG_COMPILER_GLOBAL_ACCENT_COLOR_NAME = AccentColor;
				CODE_SIGN_STYLE = Automatic;
				DEVELOPMENT_ASSET_PATHS = "\"SwiftUIDemo/Preview Content\"";
				ENABLE_PREVIEWS = YES;
				INFOPLIST_FILE = SwiftUIDemo/Info.plist;
				IPHONEOS_DEPLOYMENT_TARGET = 14.0;
				LD_RUNPATH_SEARCH_PATHS = (
					"$(inherited)",
					"@executable_path/Frameworks",
				);
				PRODUCT_BUNDLE_IDENTIFIER = ptlCoder.SwiftUIDemo;
				PRODUCT_NAME = "$(TARGET_NAME)";
				SWIFT_VERSION = 5.0;
				TARGETED_DEVICE_FAMILY = "1,2";
			};
			name = Release;
		};
/* End XCBuildConfiguration section */

/* Begin XCConfigurationList section */
		2FB342E2271E96B400FB4ECC /* Build configuration list for PBXProject "SwiftUIDemo" */ = {
			isa = XCConfigurationList;
			buildConfigurations = (
				2FB342F4271E96B600FB4ECC /* Debug */,
				2FB342F5271E96B600FB4ECC /* Release */,
			);
			defaultConfigurationIsVisible = 0;
			defaultConfigurationName = Release;
		};
		2FB342F6271E96B600FB4ECC /* Build configuration list for PBXNativeTarget "SwiftUIDemo" */ = {
			isa = XCConfigurationList;
			buildConfigurations = (
				2FB342F7271E96B600FB4ECC /* Debug */,
				2FB342F8271E96B600FB4ECC /* Release */,
			);
			defaultConfigurationIsVisible = 0;
			defaultConfigurationName = Release;
		};
/* End XCConfigurationList section */
	};
	rootObject = 2FB342DF271E96B400FB4ECC /* Project object */;
}
